
Microsoft Visual Studio Solution File, Format Version 12.00
# Visual Studio Version 17
VisualStudioVersion = 17.3.32929.385
MinimumVisualStudioVersion = 10.0.40219.1
Project("{FAE04EC0-301F-11D3-BF4B-00C04F79EFBC}") = "RestaurantOtomasyonu", "RestaurantOtomasyonu\RestaurantOtomasyonu.csproj", "{6A160CE5-5C27-4961-A106-7396DEF2F376}"
EndProject
Global
	GlobalSection(SolutionConfigurationPlatforms) = preSolution
		Debug|Any CPU = Debug|Any CPU
		Release|Any CPU = Release|Any CPU
	EndGlobalSection
	GlobalSection(ProjectConfigurationPlatforms) = postSolution
		{6A160CE5-5C27-4961-A106-7396DEF2F376}.Debug|Any CPU.ActiveCfg = Debug|Any CPU
		{6A160CE5-5C27-4961-A106-7396DEF2F376}.Debug|Any CPU.Build.0 = Debug|Any CPU
		{6A160CE5-5C27-4961-A106-7396DEF2F376}.Release|Any CPU.ActiveCfg = Release|Any CPU
		{6A160CE5-5C27-4961-A106-7396DEF2F376}.Release|Any CPU.Build.0 = Release|Any CPU
	EndGlobalSection
	GlobalSection(SolutionProperties) = preSolution
		HideSolutionNode = FALSE
	EndGlobalSection
	GlobalSection(ExtensibilityGlobals) = postSolution
		SolutionGuid = {FC5DD90F-8ED3-4ADA-9A0A-F7D0593DEE1A}
	EndGlobalSection
EndGlobal
